
Microsoft Visual Studio Solution File, Format Version 12.00
# Visual Studio Version 17
VisualStudioVersion = 17.11.35303.130
MinimumVisualStudioVersion = 10.0.40219.1
Project("{FAE04EC0-301F-11D3-BF4B-00C04F79EFBC}") = "ApiResultPattern", "ApiResultPattern.csproj", "{9A411641-261C-4A84-860D-8504509EFC9E}"
EndProject
Global
	GlobalSection(SolutionConfigurationPlatforms) = preSolution
		Debug|Any CPU = Debug|Any CPU
		Release|Any CPU = Release|Any CPU
	EndGlobalSection
	GlobalSection(ProjectConfigurationPlatforms) = postSolution
		{9A411641-261C-4A84-860D-8504509EFC9E}.Debug|Any CPU.ActiveCfg = Debug|Any CPU
		{9A411641-261C-4A84-860D-8504509EFC9E}.Debug|Any CPU.Build.0 = Debug|Any CPU
		{9A411641-261C-4A84-860D-8504509EFC9E}.Release|Any CPU.ActiveCfg = Release|Any CPU
		{9A411641-261C-4A84-860D-8504509EFC9E}.Release|Any CPU.Build.0 = Release|Any CPU
	EndGlobalSection
	GlobalSection(SolutionProperties) = preSolution
		HideSolutionNode = FALSE
	EndGlobalSection
	GlobalSection(ExtensibilityGlobals) = postSolution
		SolutionGuid = {02A8C8C1-17A3-414C-8B54-C469DE17DB5D}
	EndGlobalSection
EndGlobal
